
Microsoft Visual Studio Solution File, Format Version 12.00
# Visual Studio Version 17
VisualStudioVersion = 17.1.32210.238
MinimumVisualStudioVersion = 10.0.40219.1
Project("{FAE04EC0-301F-11D3-BF4B-00C04F79EFBC}") = "Modul5_1302204001", "Modul5_1302204001\Modul5_1302204001.csproj", "{B41D19D5-2384-48AA-B307-A83868C09B83}"
EndProject
Global
	GlobalSection(SolutionConfigurationPlatforms) = preSolution
		Debug|Any CPU = Debug|Any CPU
		Release|Any CPU = Release|Any CPU
	EndGlobalSection
	GlobalSection(ProjectConfigurationPlatforms) = postSolution
		{B41D19D5-2384-48AA-B307-A83868C09B83}.Debug|Any CPU.ActiveCfg = Debug|Any CPU
		{B41D19D5-2384-48AA-B307-A83868C09B83}.Debug|Any CPU.Build.0 = Debug|Any CPU
		{B41D19D5-2384-48AA-B307-A83868C09B83}.Release|Any CPU.ActiveCfg = Release|Any CPU
		{B41D19D5-2384-48AA-B307-A83868C09B83}.Release|Any CPU.Build.0 = Release|Any CPU
	EndGlobalSection
	GlobalSection(SolutionProperties) = preSolution
		HideSolutionNode = FALSE
	EndGlobalSection
	GlobalSection(ExtensibilityGlobals) = postSolution
		SolutionGuid = {1C7E4AC8-2074-49D0-82C8-D190CD0C19A7}
	EndGlobalSection
EndGlobal
